// !$*UTF8*$!
{
	archiveVersion = 1;
	classes = {
	};
	objectVersion = 50;
	objects = {

/* Begin PBXBuildFile section */
		136C8E65212917D100211DCD /* main.cpp in Sources */ = {isa = PBXBuildFile; fileRef = 136C8E64212917D100211DCD /* main.cpp */; };
/* End PBXBuildFile section */

/* Begin PBXCopyFilesBuildPhase section */
		136C8E5F212917D100211DCD /* CopyFiles */ = {
			isa = PBXCopyFilesBuildPhase;
			buildActionMask = 2147483647;
			dstPath = /usr/share/man/man1/;
			dstSubfolderSpec = 0;
			files = (
			);
			runOnlyForDeploymentPostprocessing = 1;
		};
/* End PBXCopyFilesBuildPhase section */

/* Begin PBXFileReference section */
		133CAC86215AB0090032FC71 /* dictionary.h */ = {isa = PBXFileReference; lastKnownFileType = sourcecode.c.h; path = dictionary.h; sourceTree = "<group>"; };
		136C8E61212917D100211DCD /* EDA */ = {isa = PBXFileReference; explicitFileType = "compiled.mach-o.executable"; includeInIndex = 0; path = EDA; sourceTree = BUILT_PRODUCTS_DIR; };
		136C8E64212917D100211DCD /* main.cpp */ = {isa = PBXFileReference; lastKnownFileType = sourcecode.cpp.cpp; path = main.cpp; sourceTree = "<group>"; };
		136C8E6B212917E600211DCD /* list_pointer.h */ = {isa = PBXFileReference; lastKnownFileType = sourcecode.c.h; path = list_pointer.h; sourceTree = "<group>"; };
		136C8E6C212917EC00211DCD /* list_array.h */ = {isa = PBXFileReference; lastKnownFileType = sourcecode.c.h; path = list_array.h; sourceTree = "<group>"; };
		136C8E6D212917F900211DCD /* stack_pointer.h */ = {isa = PBXFileReference; lastKnownFileType = sourcecode.c.h; path = stack_pointer.h; sourceTree = "<group>"; };
		136C8E6E212917FF00211DCD /* stack_array.h */ = {isa = PBXFileReference; lastKnownFileType = sourcecode.c.h; path = stack_array.h; sourceTree = "<group>"; };
		136C8E6F2129180900211DCD /* queue_pointer.h */ = {isa = PBXFileReference; lastKnownFileType = sourcecode.c.h; path = queue_pointer.h; sourceTree = "<group>"; };
		136C8E702129181300211DCD /* queue_array.h */ = {isa = PBXFileReference; lastKnownFileType = sourcecode.c.h; path = queue_array.h; sourceTree = "<group>"; };
		136C8E712129191C00211DCD /* node.h */ = {isa = PBXFileReference; lastKnownFileType = sourcecode.c.h; path = node.h; sourceTree = "<group>"; };
		1377504F215068BC00824D0F /* huffmanNode.h */ = {isa = PBXFileReference; lastKnownFileType = sourcecode.c.h; path = huffmanNode.h; sourceTree = "<group>"; };
		13775050215168B500824D0F /* test.txt */ = {isa = PBXFileReference; fileEncoding = 4; lastKnownFileType = text; path = test.txt; sourceTree = "<group>"; };
		13775051215186BA00824D0F /* test2.txt */ = {isa = PBXFileReference; fileEncoding = 4; lastKnownFileType = text; path = test2.txt; sourceTree = "<group>"; };
		137750542151AB6300824D0F /* test_Lab5.h */ = {isa = PBXFileReference; lastKnownFileType = sourcecode.c.h; path = test_Lab5.h; sourceTree = "<group>"; };
		137750552151AD2200824D0F /* spanishDictionary.txt */ = {isa = PBXFileReference; fileEncoding = 4; lastKnownFileType = text; path = spanishDictionary.txt; sourceTree = "<group>"; };
		137750562151B24100824D0F /* hashNode.h */ = {isa = PBXFileReference; lastKnownFileType = sourcecode.c.h; path = hashNode.h; sourceTree = "<group>"; };
		137750572151B24900824D0F /* hashTable.h */ = {isa = PBXFileReference; lastKnownFileType = sourcecode.c.h; path = hashTable.h; sourceTree = "<group>"; };
		137FD049216D277F003CC4F0 /* playground.h */ = {isa = PBXFileReference; lastKnownFileType = sourcecode.c.h; path = playground.h; sourceTree = "<group>"; };
		137FD04A216D29C3003CC4F0 /* test_Playground.h */ = {isa = PBXFileReference; lastKnownFileType = sourcecode.c.h; path = test_Playground.h; sourceTree = "<group>"; };
		13A61F73213D954900C05C4E /* radix_sort.h */ = {isa = PBXFileReference; lastKnownFileType = sourcecode.c.h; path = radix_sort.h; sourceTree = "<group>"; };
		13A61F74213DD45400C05C4E /* test_Lab1.h */ = {isa = PBXFileReference; lastKnownFileType = sourcecode.c.h; path = test_Lab1.h; sourceTree = "<group>"; };
		13A61F75213DD4DC00C05C4E /* test_Lab2.h */ = {isa = PBXFileReference; lastKnownFileType = sourcecode.c.h; path = test_Lab2.h; sourceTree = "<group>"; };
		13AA22E5213F2CC0008DAE8C /* test_Lab3.h */ = {isa = PBXFileReference; lastKnownFileType = sourcecode.c.h; path = test_Lab3.h; sourceTree = "<group>"; };
		13AA22E6213F3084008DAE8C /* bTree.h */ = {isa = PBXFileReference; lastKnownFileType = sourcecode.c.h; path = bTree.h; sourceTree = "<group>"; };
		13AA22E7213F3444008DAE8C /* bNode.h */ = {isa = PBXFileReference; lastKnownFileType = sourcecode.c.h; path = bNode.h; sourceTree = "<group>"; };
		13ACAB642188C0B90045A22A /* kmp.h */ = {isa = PBXFileReference; lastKnownFileType = sourcecode.c.h; path = kmp.h; sourceTree = "<group>"; };
		13ACAB652188C0D30045A22A /* boyer-moore.h */ = {isa = PBXFileReference; lastKnownFileType = sourcecode.c.h; path = "boyer-moore.h"; sourceTree = "<group>"; };
		13B49994217FCF5400AA98C4 /* bruteForce.h */ = {isa = PBXFileReference; lastKnownFileType = sourcecode.c.h; path = bruteForce.h; sourceTree = "<group>"; };
		13B49995217FCF6000AA98C4 /* test_Lab7.h */ = {isa = PBXFileReference; lastKnownFileType = sourcecode.c.h; path = test_Lab7.h; sourceTree = "<group>"; };
		13CBBF9D21470AC900B40CA9 /* nNode.h */ = {isa = PBXFileReference; lastKnownFileType = sourcecode.c.h; path = nNode.h; sourceTree = "<group>"; };
		13CBBF9F21471E1800B40CA9 /* nTree.h */ = {isa = PBXFileReference; fileEncoding = 4; lastKnownFileType = sourcecode.c.h; path = nTree.h; sourceTree = "<group>"; };
		13CBBFA021474FD700B40CA9 /* postToTree.h */ = {isa = PBXFileReference; lastKnownFileType = sourcecode.c.h; path = postToTree.h; sourceTree = "<group>"; };
		13CBBFA221486C3B00B40CA9 /* huffmanCoding.h */ = {isa = PBXFileReference; lastKnownFileType = sourcecode.c.h; path = huffmanCoding.h; sourceTree = "<group>"; };
		13CBBFA321486C4300B40CA9 /* test_Lab4.h */ = {isa = PBXFileReference; lastKnownFileType = sourcecode.c.h; path = test_Lab4.h; sourceTree = "<group>"; };
		13CBBFA4214874DB00B40CA9 /* mobydick.txt */ = {isa = PBXFileReference; lastKnownFileType = text; path = mobydick.txt; sourceTree = "<group>"; };
/* End PBXFileReference section */

/* Begin PBXFrameworksBuildPhase section */
		136C8E5E212917D100211DCD /* Frameworks */ = {
			isa = PBXFrameworksBuildPhase;
			buildActionMask = 2147483647;
			files = (
			);
			runOnlyForDeploymentPostprocessing = 0;
		};
/* End PBXFrameworksBuildPhase section */

/* Begin PBXGroup section */
		132A4932212EABD100219A54 /* EDA_Lab2 */ = {
			isa = PBXGroup;
			children = (
				13A61F73213D954900C05C4E /* radix_sort.h */,
				13A61F75213DD4DC00C05C4E /* test_Lab2.h */,
			);
			path = EDA_Lab2;
			sourceTree = "<group>";
		};
		136C8E58212917D100211DCD = {
			isa = PBXGroup;
			children = (
				136C8E64212917D100211DCD /* main.cpp */,
				136C8E63212917D100211DCD /* EDA_Lab1 */,
				132A4932212EABD100219A54 /* EDA_Lab2 */,
				13AA22E4213F2CA7008DAE8C /* EDA_Lab3 */,
				13CBBFA121486A1300B40CA9 /* EDA_Lab4 */,
				137750532151AAC800824D0F /* EDA_Lab5 */,
				137FD048216D274D003CC4F0 /* Playground */,
				13B49993217FCF1400AA98C4 /* EDA_Lab7 */,
				136C8E62212917D100211DCD /* Products */,
			);
			sourceTree = "<group>";
		};
		136C8E62212917D100211DCD /* Products */ = {
			isa = PBXGroup;
			children = (
				136C8E61212917D100211DCD /* EDA */,
			);
			name = Products;
			sourceTree = "<group>";
		};
		136C8E63212917D100211DCD /* EDA_Lab1 */ = {
			isa = PBXGroup;
			children = (
				136C8E6B212917E600211DCD /* list_pointer.h */,
				136C8E712129191C00211DCD /* node.h */,
				136C8E6C212917EC00211DCD /* list_array.h */,
				136C8E6D212917F900211DCD /* stack_pointer.h */,
				136C8E6E212917FF00211DCD /* stack_array.h */,
				136C8E6F2129180900211DCD /* queue_pointer.h */,
				136C8E702129181300211DCD /* queue_array.h */,
				13A61F74213DD45400C05C4E /* test_Lab1.h */,
			);
			path = EDA_Lab1;
			sourceTree = "<group>";
		};
		137750532151AAC800824D0F /* EDA_Lab5 */ = {
			isa = PBXGroup;
			children = (
				137750552151AD2200824D0F /* spanishDictionary.txt */,
				137750542151AB6300824D0F /* test_Lab5.h */,
				137750562151B24100824D0F /* hashNode.h */,
				137750572151B24900824D0F /* hashTable.h */,
				133CAC86215AB0090032FC71 /* dictionary.h */,
			);
			path = EDA_Lab5;
			sourceTree = "<group>";
		};
		137FD048216D274D003CC4F0 /* Playground */ = {
			isa = PBXGroup;
			children = (
				137FD049216D277F003CC4F0 /* playground.h */,
				137FD04A216D29C3003CC4F0 /* test_Playground.h */,
			);
			path = Playground;
			sourceTree = "<group>";
		};
		13AA22E4213F2CA7008DAE8C /* EDA_Lab3 */ = {
			isa = PBXGroup;
			children = (
				13CBBFA021474FD700B40CA9 /* postToTree.h */,
				13AA22E7213F3444008DAE8C /* bNode.h */,
				13AA22E6213F3084008DAE8C /* bTree.h */,
				13CBBF9D21470AC900B40CA9 /* nNode.h */,
				13CBBF9F21471E1800B40CA9 /* nTree.h */,
				13AA22E5213F2CC0008DAE8C /* test_Lab3.h */,
			);
			path = EDA_Lab3;
			sourceTree = "<group>";
		};
		13B49993217FCF1400AA98C4 /* EDA_Lab7 */ = {
			isa = PBXGroup;
			children = (
				13B49994217FCF5400AA98C4 /* bruteForce.h */,
				13ACAB652188C0D30045A22A /* boyer-moore.h */,
				13ACAB642188C0B90045A22A /* kmp.h */,
				13B49995217FCF6000AA98C4 /* test_Lab7.h */,
			);
			path = EDA_Lab7;
			sourceTree = "<group>";
		};
		13CBBFA121486A1300B40CA9 /* EDA_Lab4 */ = {
			isa = PBXGroup;
			children = (
				13775051215186BA00824D0F /* test2.txt */,
				13775050215168B500824D0F /* test.txt */,
				13CBBFA4214874DB00B40CA9 /* mobydick.txt */,
				13CBBFA221486C3B00B40CA9 /* huffmanCoding.h */,
				1377504F215068BC00824D0F /* huffmanNode.h */,
				13CBBFA321486C4300B40CA9 /* test_Lab4.h */,
			);
			path = EDA_Lab4;
			sourceTree = "<group>";
		};
/* End PBXGroup section */

/* Begin PBXNativeTarget section */
		136C8E60212917D100211DCD /* EDA */ = {
			isa = PBXNativeTarget;
			buildConfigurationList = 136C8E68212917D100211DCD /* Build configuration list for PBXNativeTarget "EDA" */;
			buildPhases = (
				136C8E5D212917D100211DCD /* Sources */,
				136C8E5E212917D100211DCD /* Frameworks */,
				136C8E5F212917D100211DCD /* CopyFiles */,
			);
			buildRules = (
			);
			dependencies = (
			);
			name = EDA;
			productName = EDA_Tarea1;
			productReference = 136C8E61212917D100211DCD /* EDA */;
			productType = "com.apple.product-type.tool";
		};
/* End PBXNativeTarget section */

/* Begin PBXProject section */
		136C8E59212917D100211DCD /* Project object */ = {
			isa = PBXProject;
			attributes = {
				LastUpgradeCheck = 1000;
				ORGANIZATIONNAME = "Alejandro Larraondo";
				TargetAttributes = {
					136C8E60212917D100211DCD = {
						CreatedOnToolsVersion = 10.0;
					};
				};
			};
			buildConfigurationList = 136C8E5C212917D100211DCD /* Build configuration list for PBXProject "EDA" */;
			compatibilityVersion = "Xcode 9.3";
			developmentRegion = en;
			hasScannedForEncodings = 0;
			knownRegions = (
				en,
			);
			mainGroup = 136C8E58212917D100211DCD;
			productRefGroup = 136C8E62212917D100211DCD /* Products */;
			projectDirPath = "";
			projectRoot = "";
			targets = (
				136C8E60212917D100211DCD /* EDA */,
			);
		};
/* End PBXProject section */

/* Begin PBXSourcesBuildPhase section */
		136C8E5D212917D100211DCD /* Sources */ = {
			isa = PBXSourcesBuildPhase;
			buildActionMask = 2147483647;
			files = (
				136C8E65212917D100211DCD /* main.cpp in Sources */,
			);
			runOnlyForDeploymentPostprocessing = 0;
		};
/* End PBXSourcesBuildPhase section */

/* Begin XCBuildConfiguration section */
		136C8E66212917D100211DCD /* Debug */ = {
			isa = XCBuildConfiguration;
			buildSettings = {
				ALWAYS_SEARCH_USER_PATHS = NO;
				CLANG_ANALYZER_NONNULL = YES;
				CLANG_ANALYZER_NUMBER_OBJECT_CONVERSION = YES_AGGRESSIVE;
				CLANG_CXX_LANGUAGE_STANDARD = "gnu++14";
				CLANG_CXX_LIBRARY = "libc++";
				CLANG_ENABLE_MODULES = YES;
				CLANG_ENABLE_OBJC_ARC = YES;
				CLANG_ENABLE_OBJC_WEAK = YES;
				CLANG_WARN_BLOCK_CAPTURE_AUTORELEASING = YES;
				CLANG_WARN_BOOL_CONVERSION = YES;
				CLANG_WARN_COMMA = YES;
				CLANG_WARN_CONSTANT_CONVERSION = YES;
				CLANG_WARN_DEPRECATED_OBJC_IMPLEMENTATIONS = YES;
				CLANG_WARN_DIRECT_OBJC_ISA_USAGE = YES_ERROR;
				CLANG_WARN_DOCUMENTATION_COMMENTS = YES;
				CLANG_WARN_EMPTY_BODY = YES;
				CLANG_WARN_ENUM_CONVERSION = YES;
				CLANG_WARN_INFINITE_RECURSION = YES;
				CLANG_WARN_INT_CONVERSION = YES;
				CLANG_WARN_NON_LITERAL_NULL_CONVERSION = YES;
				CLANG_WARN_OBJC_IMPLICIT_RETAIN_SELF = YES;
				CLANG_WARN_OBJC_LITERAL_CONVERSION = YES;
				CLANG_WARN_OBJC_ROOT_CLASS = YES_ERROR;
				CLANG_WARN_RANGE_LOOP_ANALYSIS = YES;
				CLANG_WARN_STRICT_PROTOTYPES = YES;
				CLANG_WARN_SUSPICIOUS_MOVE = YES;
				CLANG_WARN_UNGUARDED_AVAILABILITY = YES_AGGRESSIVE;
				CLANG_WARN_UNREACHABLE_CODE = YES;
				CLANG_WARN__DUPLICATE_METHOD_MATCH = YES;
				CODE_SIGN_IDENTITY = "Mac Developer";
				COPY_PHASE_STRIP = NO;
				DEBUG_INFORMATION_FORMAT = dwarf;
				ENABLE_STRICT_OBJC_MSGSEND = YES;
				ENABLE_TESTABILITY = YES;
				GCC_C_LANGUAGE_STANDARD = gnu11;
				GCC_DYNAMIC_NO_PIC = NO;
				GCC_NO_COMMON_BLOCKS = YES;
				GCC_OPTIMIZATION_LEVEL = 0;
				GCC_PREPROCESSOR_DEFINITIONS = (
					"DEBUG=1",
					"$(inherited)",
				);
				GCC_WARN_64_TO_32_BIT_CONVERSION = YES;
				GCC_WARN_ABOUT_RETURN_TYPE = YES_ERROR;
				GCC_WARN_UNDECLARED_SELECTOR = YES;
				GCC_WARN_UNINITIALIZED_AUTOS = YES_AGGRESSIVE;
				GCC_WARN_UNUSED_FUNCTION = YES;
				GCC_WARN_UNUSED_VARIABLE = YES;
				MACOSX_DEPLOYMENT_TARGET = 10.14;
				MTL_ENABLE_DEBUG_INFO = INCLUDE_SOURCE;
				MTL_FAST_MATH = YES;
				ONLY_ACTIVE_ARCH = YES;
				SDKROOT = macosx;
			};
			name = Debug;
		};
		136C8E67212917D100211DCD /* Release */ = {
			isa = XCBuildConfiguration;
			buildSettings = {
				ALWAYS_SEARCH_USER_PATHS = NO;
				CLANG_ANALYZER_NONNULL = YES;
				CLANG_ANALYZER_NUMBER_OBJECT_CONVERSION = YES_AGGRESSIVE;
				CLANG_CXX_LANGUAGE_STANDARD = "gnu++14";
				CLANG_CXX_LIBRARY = "libc++";
				CLANG_ENABLE_MODULES = YES;
				CLANG_ENABLE_OBJC_ARC = YES;
				CLANG_ENABLE_OBJC_WEAK = YES;
				CLANG_WARN_BLOCK_CAPTURE_AUTORELEASING = YES;
				CLANG_WARN_BOOL_CONVERSION = YES;
				CLANG_WARN_COMMA = YES;
				CLANG_WARN_CONSTANT_CONVERSION = YES;
				CLANG_WARN_DEPRECATED_OBJC_IMPLEMENTATIONS = YES;
				CLANG_WARN_DIRECT_OBJC_ISA_USAGE = YES_ERROR;
				CLANG_WARN_DOCUMENTATION_COMMENTS = YES;
				CLANG_WARN_EMPTY_BODY = YES;
				CLANG_WARN_ENUM_CONVERSION = YES;
				CLANG_WARN_INFINITE_RECURSION = YES;
				CLANG_WARN_INT_CONVERSION = YES;
				CLANG_WARN_NON_LITERAL_NULL_CONVERSION = YES;
				CLANG_WARN_OBJC_IMPLICIT_RETAIN_SELF = YES;
				CLANG_WARN_OBJC_LITERAL_CONVERSION = YES;
				CLANG_WARN_OBJC_ROOT_CLASS = YES_ERROR;
				CLANG_WARN_RANGE_LOOP_ANALYSIS = YES;
				CLANG_WARN_STRICT_PROTOTYPES = YES;
				CLANG_WARN_SUSPICIOUS_MOVE = YES;
				CLANG_WARN_UNGUARDED_AVAILABILITY = YES_AGGRESSIVE;
				CLANG_WARN_UNREACHABLE_CODE = YES;
				CLANG_WARN__DUPLICATE_METHOD_MATCH = YES;
				CODE_SIGN_IDENTITY = "Mac Developer";
				COPY_PHASE_STRIP = NO;
				DEBUG_INFORMATION_FORMAT = "dwarf-with-dsym";
				ENABLE_NS_ASSERTIONS = NO;
				ENABLE_STRICT_OBJC_MSGSEND = YES;
				GCC_C_LANGUAGE_STANDARD = gnu11;
				GCC_NO_COMMON_BLOCKS = YES;
				GCC_WARN_64_TO_32_BIT_CONVERSION = YES;
				GCC_WARN_ABOUT_RETURN_TYPE = YES_ERROR;
				GCC_WARN_UNDECLARED_SELECTOR = YES;
				GCC_WARN_UNINITIALIZED_AUTOS = YES_AGGRESSIVE;
				GCC_WARN_UNUSED_FUNCTION = YES;
				GCC_WARN_UNUSED_VARIABLE = YES;
				MACOSX_DEPLOYMENT_TARGET = 10.14;
				MTL_ENABLE_DEBUG_INFO = NO;
				MTL_FAST_MATH = YES;
				SDKROOT = macosx;
			};
			name = Release;
		};
		136C8E69212917D100211DCD /* Debug */ = {
			isa = XCBuildConfiguration;
			buildSettings = {
				CODE_SIGN_STYLE = Automatic;
				DEVELOPMENT_TEAM = 6XKB4AF25Q;
				PRODUCT_NAME = "$(TARGET_NAME)";
			};
			name = Debug;
		};
		136C8E6A212917D100211DCD /* Release */ = {
			isa = XCBuildConfiguration;
			buildSettings = {
				CODE_SIGN_STYLE = Automatic;
				DEVELOPMENT_TEAM = 6XKB4AF25Q;
				PRODUCT_NAME = "$(TARGET_NAME)";
			};
			name = Release;
		};
/* End XCBuildConfiguration section */

/* Begin XCConfigurationList section */
		136C8E5C212917D100211DCD /* Build configuration list for PBXProject "EDA" */ = {
			isa = XCConfigurationList;
			buildConfigurations = (
				136C8E66212917D100211DCD /* Debug */,
				136C8E67212917D100211DCD /* Release */,
			);
			defaultConfigurationIsVisible = 0;
			defaultConfigurationName = Release;
		};
		136C8E68212917D100211DCD /* Build configuration list for PBXNativeTarget "EDA" */ = {
			isa = XCConfigurationList;
			buildConfigurations = (
				136C8E69212917D100211DCD /* Debug */,
				136C8E6A212917D100211DCD /* Release */,
			);
			defaultConfigurationIsVisible = 0;
			defaultConfigurationName = Release;
		};
/* End XCConfigurationList section */
	};
	rootObject = 136C8E59212917D100211DCD /* Project object */;
}
